{
    "version": 3,
    "terraform_version": "0.11.8",
    "serial": 5,
    "lineage": "d41ab0bb-2c66-2957-9938-38140735c76a",
    "modules": [
        {
            "path": [
                "root"
            ],
            "outputs": {
                "default_alb_target_group": {
                    "sensitive": false,
                    "type": "string",
                    "value": "arn:aws:elasticloadbalancing:us-east-1:160692692427:targetgroup/dev-dev-default/a946debc357cdd2e"
                }
            },
            "resources": {
                "aws_key_pair.ecs": {
                    "type": "aws_key_pair",
                    "depends_on": [],
                    "primary": {
                        "id": "ecs-key-dev",
                        "attributes": {
                            "fingerprint": "1c:e1:6e:32:51:dc:48:e0:14:5f:b3:fe:73:c6:ff:ef",
                            "id": "ecs-key-dev",
                            "key_name": "ecs-key-dev",
                            "public_key": "ssh-rsa AAAAB3NzaC1yc2EAAAADAQABAAABAQDySaHA85axXRL25SMnHV8+DXnsGZMcy+zuQoJURDKZRkpsbo90iZgbugGtIal/6pw8voF/z/7FBJrNaZeo05kTCbqmftnDaKnqj24OlE8p5eIiiht02rXYSKQugDP7eyVK6s8iYOE9z8FhxjsfafgXBOJedhXwZj78WaRZ17P6/vp0+BgRupCWmM9otH4maN6jTHS8A4eYgketfYVk9WDo3Yvq3i+/6KYbFp6nx0kgjpwuR2zz7kRLV/IBSxFEf5TKnrhbj+DV4WFuMQjG2VjGjtnpEw6Lfz4aQ8FsAaHac2k0sbZwuG5NYEL7p+Sgx8uKp/K2CQRoGV7pgkVfj5af production_key"
                        },
                        "meta": {
                            "schema_version": "1"
                        },
                        "tainted": false
                    },
                    "deposed": [],
                    "provider": "provider.aws"
                }
            },
            "depends_on": []
        },
        {
            "path": [
                "root",
                "ecs"
            ],
            "outputs": {
                "default_alb_target_group": {
                    "sensitive": false,
                    "type": "string",
                    "value": "arn:aws:elasticloadbalancing:us-east-1:160692692427:targetgroup/dev-dev-default/a946debc357cdd2e"
                }
            },
            "resources": {
                "aws_ecs_cluster.cluster": {
                    "type": "aws_ecs_cluster",
                    "depends_on": [],
                    "primary": {
                        "id": "arn:aws:ecs:us-east-1:160692692427:cluster/dev",
                        "attributes": {
                            "arn": "arn:aws:ecs:us-east-1:160692692427:cluster/dev",
                            "id": "arn:aws:ecs:us-east-1:160692692427:cluster/dev",
                            "name": "dev"
                        },
                        "meta": {},
                        "tainted": false
                    },
                    "deposed": [],
                    "provider": "provider.aws"
                },
                "aws_iam_instance_profile.ecs": {
                    "type": "aws_iam_instance_profile",
                    "depends_on": [
                        "aws_iam_role.ecs_instance_role"
                    ],
                    "primary": {
                        "id": "dev_ecs_instance_profile",
                        "attributes": {
                            "arn": "arn:aws:iam::160692692427:instance-profile/dev_ecs_instance_profile",
                            "create_date": "2018-10-03T02:01:11Z",
                            "id": "dev_ecs_instance_profile",
                            "name": "dev_ecs_instance_profile",
                            "path": "/",
                            "role": "dev_ecs_instance_role",
                            "roles.#": "0",
                            "unique_id": "AIPAISTFZRVTX3KZFNGQI"
                        },
                        "meta": {},
                        "tainted": false
                    },
                    "deposed": [],
                    "provider": "provider.aws"
                },
                "aws_iam_role.ecs_instance_role": {
                    "type": "aws_iam_role",
                    "depends_on": [],
                    "primary": {
                        "id": "dev_ecs_instance_role",
                        "attributes": {
                            "arn": "arn:aws:iam::160692692427:role/dev_ecs_instance_role",
                            "assume_role_policy": "{\"Version\":\"2008-10-17\",\"Statement\":[{\"Effect\":\"Allow\",\"Principal\":{\"Service\":\"ec2.amazonaws.com\"},\"Action\":\"sts:AssumeRole\"}]}",
                            "create_date": "2018-10-03T02:01:10Z",
                            "description": "",
                            "force_detach_policies": "false",
                            "id": "dev_ecs_instance_role",
                            "max_session_duration": "3600",
                            "name": "dev_ecs_instance_role",
                            "path": "/",
                            "unique_id": "AROAJ2DNEXCAVL3C5PGHK"
                        },
                        "meta": {},
                        "tainted": false
                    },
                    "deposed": [],
                    "provider": "provider.aws"
                },
                "aws_iam_role.ecs_lb_role": {
                    "type": "aws_iam_role",
                    "depends_on": [],
                    "primary": {
                        "id": "dev_ecs_lb_role",
                        "attributes": {
                            "arn": "arn:aws:iam::160692692427:role/ecs/dev_ecs_lb_role",
                            "assume_role_policy": "{\"Version\":\"2008-10-17\",\"Statement\":[{\"Effect\":\"Allow\",\"Principal\":{\"Service\":\"ecs.amazonaws.com\"},\"Action\":\"sts:AssumeRole\"}]}",
                            "create_date": "2018-10-03T02:01:10Z",
                            "description": "",
                            "force_detach_policies": "false",
                            "id": "dev_ecs_lb_role",
                            "max_session_duration": "3600",
                            "name": "dev_ecs_lb_role",
                            "path": "/ecs/",
                            "unique_id": "AROAJPQR724YQJ63WUOUO"
                        },
                        "meta": {},
                        "tainted": false
                    },
                    "deposed": [],
                    "provider": "provider.aws"
                },
                "aws_iam_role_policy_attachment.ecs_ec2_cloudwatch_role": {
                    "type": "aws_iam_role_policy_attachment",
                    "depends_on": [
                        "aws_iam_role.ecs_instance_role"
                    ],
                    "primary": {
                        "id": "dev_ecs_instance_role-20181003020116526900000001",
                        "attributes": {
                            "id": "dev_ecs_instance_role-20181003020116526900000001",
                            "policy_arn": "arn:aws:iam::aws:policy/CloudWatchLogsFullAccess",
                            "role": "dev_ecs_instance_role"
                        },
                        "meta": {},
                        "tainted": false
                    },
                    "deposed": [],
                    "provider": "provider.aws"
                },
                "aws_iam_role_policy_attachment.ecs_ec2_role": {
                    "type": "aws_iam_role_policy_attachment",
                    "depends_on": [
                        "aws_iam_role.ecs_instance_role"
                    ],
                    "primary": {
                        "id": "dev_ecs_instance_role-20181003020116528800000002",
                        "attributes": {
                            "id": "dev_ecs_instance_role-20181003020116528800000002",
                            "policy_arn": "arn:aws:iam::aws:policy/service-role/AmazonEC2ContainerServiceforEC2Role",
                            "role": "dev_ecs_instance_role"
                        },
                        "meta": {},
                        "tainted": false
                    },
                    "deposed": [],
                    "provider": "provider.aws"
                },
                "aws_iam_role_policy_attachment.ecs_lb": {
                    "type": "aws_iam_role_policy_attachment",
                    "depends_on": [
                        "aws_iam_role.ecs_lb_role"
                    ],
                    "primary": {
                        "id": "dev_ecs_lb_role-20181003020116544100000003",
                        "attributes": {
                            "id": "dev_ecs_lb_role-20181003020116544100000003",
                            "policy_arn": "arn:aws:iam::aws:policy/service-role/AmazonEC2ContainerServiceRole",
                            "role": "dev_ecs_lb_role"
                        },
                        "meta": {},
                        "tainted": false
                    },
                    "deposed": [],
                    "provider": "provider.aws"
                },
                "aws_security_group_rule.alb_to_ecs": {
                    "type": "aws_security_group_rule",
                    "depends_on": [
                        "module.alb",
                        "module.ecs_instances"
                    ],
                    "primary": {
                        "id": "sgrule-3280721076",
                        "attributes": {
                            "from_port": "32768",
                            "id": "sgrule-3280721076",
                            "protocol": "tcp",
                            "security_group_id": "sg-04703be793e5fe24e",
                            "self": "false",
                            "source_security_group_id": "sg-0319ff64c0f0885c4",
                            "to_port": "61000",
                            "type": "ingress"
                        },
                        "meta": {
                            "schema_version": "2"
                        },
                        "tainted": false
                    },
                    "deposed": [],
                    "provider": "provider.aws"
                }
            },
            "depends_on": []
        },
        {
            "path": [
                "root",
                "ecs",
                "alb"
            ],
            "outputs": {
                "alb_security_group_id": {
                    "sensitive": false,
                    "type": "string",
                    "value": "sg-0319ff64c0f0885c4"
                },
                "default_alb_target_group": {
                    "sensitive": false,
                    "type": "string",
                    "value": "arn:aws:elasticloadbalancing:us-east-1:160692692427:targetgroup/dev-dev-default/a946debc357cdd2e"
                }
            },
            "resources": {
                "aws_alb.alb": {
                    "type": "aws_alb",
                    "depends_on": [
                        "aws_security_group.alb"
                    ],
                    "primary": {
                        "id": "arn:aws:elasticloadbalancing:us-east-1:160692692427:loadbalancer/app/dev-dev/3a5a53d6b8fc2720",
                        "attributes": {
                            "access_logs.#": "0",
                            "arn": "arn:aws:elasticloadbalancing:us-east-1:160692692427:loadbalancer/app/dev-dev/3a5a53d6b8fc2720",
                            "arn_suffix": "app/dev-dev/3a5a53d6b8fc2720",
                            "dns_name": "dev-dev-1776393699.us-east-1.elb.amazonaws.com",
                            "enable_deletion_protection": "false",
                            "enable_http2": "true",
                            "id": "arn:aws:elasticloadbalancing:us-east-1:160692692427:loadbalancer/app/dev-dev/3a5a53d6b8fc2720",
                            "idle_timeout": "60",
                            "internal": "false",
                            "ip_address_type": "ipv4",
                            "load_balancer_type": "application",
                            "name": "dev-dev",
                            "security_groups.#": "1",
                            "security_groups.1553221427": "sg-0319ff64c0f0885c4",
                            "subnet_mapping.#": "0",
                            "subnets.#": "2",
                            "subnets.2671234754": "subnet-06f4b1c33aee1569f",
                            "subnets.800029138": "subnet-061e3ec096a0802cf",
                            "tags.%": "1",
                            "tags.Environment": "dev",
                            "vpc_id": "vpc-0c6dc132a410ef6f0",
                            "zone_id": "Z35SXDOTRQ7X7K"
                        },
                        "meta": {
                            "e2bfb730-ecaa-11e6-8f88-34363bc7c4c0": {
                                "create": 600000000000,
                                "delete": 600000000000,
                                "update": 600000000000
                            }
                        },
                        "tainted": false
                    },
                    "deposed": [],
                    "provider": "provider.aws"
                },
                "aws_alb_listener.https": {
                    "type": "aws_alb_listener",
                    "depends_on": [
                        "aws_alb.alb",
                        "aws_alb_target_group.default"
                    ],
                    "primary": {
                        "id": "arn:aws:elasticloadbalancing:us-east-1:160692692427:listener/app/dev-dev/3a5a53d6b8fc2720/6808827daae37143",
                        "attributes": {
                            "arn": "arn:aws:elasticloadbalancing:us-east-1:160692692427:listener/app/dev-dev/3a5a53d6b8fc2720/6808827daae37143",
                            "default_action.#": "1",
                            "default_action.0.fixed_response.#": "0",
                            "default_action.0.redirect.#": "0",
                            "default_action.0.target_group_arn": "arn:aws:elasticloadbalancing:us-east-1:160692692427:targetgroup/dev-dev-default/a946debc357cdd2e",
                            "default_action.0.type": "forward",
                            "id": "arn:aws:elasticloadbalancing:us-east-1:160692692427:listener/app/dev-dev/3a5a53d6b8fc2720/6808827daae37143",
                            "load_balancer_arn": "arn:aws:elasticloadbalancing:us-east-1:160692692427:loadbalancer/app/dev-dev/3a5a53d6b8fc2720",
                            "port": "80",
                            "protocol": "HTTP",
                            "ssl_policy": ""
                        },
                        "meta": {},
                        "tainted": false
                    },
                    "deposed": [],
                    "provider": "provider.aws"
                },
                "aws_alb_target_group.default": {
                    "type": "aws_alb_target_group",
                    "depends_on": [],
                    "primary": {
                        "id": "arn:aws:elasticloadbalancing:us-east-1:160692692427:targetgroup/dev-dev-default/a946debc357cdd2e",
                        "attributes": {
                            "arn": "arn:aws:elasticloadbalancing:us-east-1:160692692427:targetgroup/dev-dev-default/a946debc357cdd2e",
                            "arn_suffix": "targetgroup/dev-dev-default/a946debc357cdd2e",
                            "deregistration_delay": "300",
                            "health_check.#": "1",
                            "health_check.0.healthy_threshold": "3",
                            "health_check.0.interval": "30",
                            "health_check.0.matcher": "200",
                            "health_check.0.path": "/",
                            "health_check.0.port": "traffic-port",
                            "health_check.0.protocol": "HTTP",
                            "health_check.0.timeout": "5",
                            "health_check.0.unhealthy_threshold": "3",
                            "id": "arn:aws:elasticloadbalancing:us-east-1:160692692427:targetgroup/dev-dev-default/a946debc357cdd2e",
                            "name": "dev-dev-default",
                            "port": "80",
                            "protocol": "HTTP",
                            "proxy_protocol_v2": "false",
                            "slow_start": "0",
                            "stickiness.#": "1",
                            "stickiness.0.cookie_duration": "86400",
                            "stickiness.0.enabled": "false",
                            "stickiness.0.type": "lb_cookie",
                            "tags.%": "1",
                            "tags.Environment": "dev",
                            "target_type": "instance",
                            "vpc_id": "vpc-0c6dc132a410ef6f0"
                        },
                        "meta": {},
                        "tainted": false
                    },
                    "deposed": [],
                    "provider": "provider.aws"
                },
                "aws_security_group.alb": {
                    "type": "aws_security_group",
                    "depends_on": [],
                    "primary": {
                        "id": "sg-0319ff64c0f0885c4",
                        "attributes": {
                            "arn": "arn:aws:ec2:us-east-1:160692692427:security-group/sg-0319ff64c0f0885c4",
                            "description": "Managed by Terraform",
                            "egress.#": "0",
                            "id": "sg-0319ff64c0f0885c4",
                            "ingress.#": "0",
                            "name": "dev-dev_alb",
                            "owner_id": "160692692427",
                            "revoke_rules_on_delete": "false",
                            "tags.%": "1",
                            "tags.Environment": "dev",
                            "vpc_id": "vpc-0c6dc132a410ef6f0"
                        },
                        "meta": {
                            "e2bfb730-ecaa-11e6-8f88-34363bc7c4c0": {
                                "create": 600000000000,
                                "delete": 600000000000
                            },
                            "schema_version": "1"
                        },
                        "tainted": false
                    },
                    "deposed": [],
                    "provider": "provider.aws"
                },
                "aws_security_group_rule.https_from_anywhere": {
                    "type": "aws_security_group_rule",
                    "depends_on": [
                        "aws_security_group.alb"
                    ],
                    "primary": {
                        "id": "sgrule-1589099258",
                        "attributes": {
                            "cidr_blocks.#": "1",
                            "cidr_blocks.0": "0.0.0.0/0",
                            "from_port": "80",
                            "id": "sgrule-1589099258",
                            "protocol": "tcp",
                            "security_group_id": "sg-0319ff64c0f0885c4",
                            "self": "false",
                            "to_port": "80",
                            "type": "ingress"
                        },
                        "meta": {
                            "schema_version": "2"
                        },
                        "tainted": false
                    },
                    "deposed": [],
                    "provider": "provider.aws"
                },
                "aws_security_group_rule.outbound_internet_access": {
                    "type": "aws_security_group_rule",
                    "depends_on": [
                        "aws_security_group.alb"
                    ],
                    "primary": {
                        "id": "sgrule-3792273587",
                        "attributes": {
                            "cidr_blocks.#": "1",
                            "cidr_blocks.0": "0.0.0.0/0",
                            "from_port": "0",
                            "id": "sgrule-3792273587",
                            "protocol": "-1",
                            "security_group_id": "sg-0319ff64c0f0885c4",
                            "self": "false",
                            "to_port": "0",
                            "type": "egress"
                        },
                        "meta": {
                            "schema_version": "2"
                        },
                        "tainted": false
                    },
                    "deposed": [],
                    "provider": "provider.aws"
                }
            },
            "depends_on": []
        },
        {
            "path": [
                "root",
                "ecs",
                "ecs_instances"
            ],
            "outputs": {
                "ecs_instance_security_group_id": {
                    "sensitive": false,
                    "type": "string",
                    "value": "sg-04703be793e5fe24e"
                }
            },
            "resources": {
                "aws_autoscaling_group.asg": {
                    "type": "aws_autoscaling_group",
                    "depends_on": [
                        "aws_launch_configuration.launch"
                    ],
                    "primary": {
                        "id": "dev_dev_default",
                        "attributes": {
                            "arn": "arn:aws:autoscaling:us-east-1:160692692427:autoScalingGroup:6e134eaf-d76d-4148-8b76-8ff1f01e6812:autoScalingGroupName/dev_dev_default",
                            "availability_zones.#": "2",
                            "availability_zones.1305112097": "us-east-1b",
                            "availability_zones.3569565595": "us-east-1a",
                            "default_cooldown": "300",
                            "desired_capacity": "2",
                            "enabled_metrics.#": "0",
                            "force_delete": "true",
                            "health_check_grace_period": "300",
                            "health_check_type": "EC2",
                            "id": "dev_dev_default",
                            "launch_configuration": "dev_dev_default_20181003020120412100000004",
                            "launch_template.#": "0",
                            "load_balancers.#": "0",
                            "max_size": "3",
                            "metrics_granularity": "1Minute",
                            "min_size": "1",
                            "name": "dev_dev_default",
                            "placement_group": "",
                            "protect_from_scale_in": "false",
                            "service_linked_role_arn": "arn:aws:iam::160692692427:role/aws-service-role/autoscaling.amazonaws.com/AWSServiceRoleForAutoScaling",
                            "suspended_processes.#": "0",
                            "tag.#": "5",
                            "tag.1137821657.key": "Cluster",
                            "tag.1137821657.propagate_at_launch": "true",
                            "tag.1137821657.value": "dev",
                            "tag.1942140865.key": "DependsId",
                            "tag.1942140865.propagate_at_launch": "false",
                            "tag.1942140865.value": "5996052601595089476",
                            "tag.2545288267.key": "InstanceGroup",
                            "tag.2545288267.propagate_at_launch": "true",
                            "tag.2545288267.value": "default",
                            "tag.3427274884.key": "Name",
                            "tag.3427274884.propagate_at_launch": "true",
                            "tag.3427274884.value": "dev_ecs_dev_default",
                            "tag.776695200.key": "Environment",
                            "tag.776695200.propagate_at_launch": "true",
                            "tag.776695200.value": "dev",
                            "target_group_arns.#": "0",
                            "termination_policies.#": "0",
                            "vpc_zone_identifier.#": "2",
                            "vpc_zone_identifier.2477787421": "subnet-03f5939a4d2f5f5b1",
                            "vpc_zone_identifier.4146626864": "subnet-076d0b33289d0d0e3",
                            "wait_for_capacity_timeout": "10m"
                        },
                        "meta": {
                            "e2bfb730-ecaa-11e6-8f88-34363bc7c4c0": {
                                "delete": 600000000000
                            }
                        },
                        "tainted": false
                    },
                    "deposed": [],
                    "provider": "provider.aws"
                },
                "aws_cloudwatch_log_group.audit": {
                    "type": "aws_cloudwatch_log_group",
                    "depends_on": [],
                    "primary": {
                        "id": "dev/var/log/ecs/audit.log",
                        "attributes": {
                            "arn": "arn:aws:logs:us-east-1:160692692427:log-group:dev/var/log/ecs/audit.log:*",
                            "id": "dev/var/log/ecs/audit.log",
                            "kms_key_id": "",
                            "name": "dev/var/log/ecs/audit.log",
                            "retention_in_days": "30",
                            "tags.%": "0"
                        },
                        "meta": {},
                        "tainted": false
                    },
                    "deposed": [],
                    "provider": "provider.aws"
                },
                "aws_cloudwatch_log_group.dmesg": {
                    "type": "aws_cloudwatch_log_group",
                    "depends_on": [],
                    "primary": {
                        "id": "dev/var/log/dmesg",
                        "attributes": {
                            "arn": "arn:aws:logs:us-east-1:160692692427:log-group:dev/var/log/dmesg:*",
                            "id": "dev/var/log/dmesg",
                            "kms_key_id": "",
                            "name": "dev/var/log/dmesg",
                            "retention_in_days": "30",
                            "tags.%": "0"
                        },
                        "meta": {},
                        "tainted": false
                    },
                    "deposed": [],
                    "provider": "provider.aws"
                },
                "aws_cloudwatch_log_group.docker": {
                    "type": "aws_cloudwatch_log_group",
                    "depends_on": [],
                    "primary": {
                        "id": "dev/var/log/docker",
                        "attributes": {
                            "arn": "arn:aws:logs:us-east-1:160692692427:log-group:dev/var/log/docker:*",
                            "id": "dev/var/log/docker",
                            "kms_key_id": "",
                            "name": "dev/var/log/docker",
                            "retention_in_days": "30",
                            "tags.%": "0"
                        },
                        "meta": {},
                        "tainted": false
                    },
                    "deposed": [],
                    "provider": "provider.aws"
                },
                "aws_cloudwatch_log_group.ecs-agent": {
                    "type": "aws_cloudwatch_log_group",
                    "depends_on": [],
                    "primary": {
                        "id": "dev/var/log/ecs/ecs-agent.log",
                        "attributes": {
                            "arn": "arn:aws:logs:us-east-1:160692692427:log-group:dev/var/log/ecs/ecs-agent.log:*",
                            "id": "dev/var/log/ecs/ecs-agent.log",
                            "kms_key_id": "",
                            "name": "dev/var/log/ecs/ecs-agent.log",
                            "retention_in_days": "30",
                            "tags.%": "0"
                        },
                        "meta": {},
                        "tainted": false
                    },
                    "deposed": [],
                    "provider": "provider.aws"
                },
                "aws_cloudwatch_log_group.ecs-init": {
                    "type": "aws_cloudwatch_log_group",
                    "depends_on": [],
                    "primary": {
                        "id": "dev/var/log/ecs/ecs-init.log",
                        "attributes": {
                            "arn": "arn:aws:logs:us-east-1:160692692427:log-group:dev/var/log/ecs/ecs-init.log:*",
                            "id": "dev/var/log/ecs/ecs-init.log",
                            "kms_key_id": "",
                            "name": "dev/var/log/ecs/ecs-init.log",
                            "retention_in_days": "30",
                            "tags.%": "0"
                        },
                        "meta": {},
                        "tainted": false
                    },
                    "deposed": [],
                    "provider": "provider.aws"
                },
                "aws_cloudwatch_log_group.messages": {
                    "type": "aws_cloudwatch_log_group",
                    "depends_on": [],
                    "primary": {
                        "id": "dev/var/log/messages",
                        "attributes": {
                            "arn": "arn:aws:logs:us-east-1:160692692427:log-group:dev/var/log/messages:*",
                            "id": "dev/var/log/messages",
                            "kms_key_id": "",
                            "name": "dev/var/log/messages",
                            "retention_in_days": "30",
                            "tags.%": "0"
                        },
                        "meta": {},
                        "tainted": false
                    },
                    "deposed": [],
                    "provider": "provider.aws"
                },
                "aws_launch_configuration.launch": {
                    "type": "aws_launch_configuration",
                    "depends_on": [
                        "aws_security_group.instance",
                        "data.template_file.user_data"
                    ],
                    "primary": {
                        "id": "dev_dev_default_20181003020120412100000004",
                        "attributes": {
                            "associate_public_ip_address": "false",
                            "ebs_block_device.#": "0",
                            "ebs_optimized": "false",
                            "enable_monitoring": "true",
                            "ephemeral_block_device.#": "0",
                            "iam_instance_profile": "dev_ecs_instance_profile",
                            "id": "dev_dev_default_20181003020120412100000004",
                            "image_id": "ami-275ffe31",
                            "instance_type": "t2.micro",
                            "key_name": "ecs-key-dev",
                            "name": "dev_dev_default_20181003020120412100000004",
                            "name_prefix": "dev_dev_default_",
                            "root_block_device.#": "0",
                            "security_groups.#": "1",
                            "security_groups.1782740555": "sg-04703be793e5fe24e",
                            "spot_price": "",
                            "user_data": "56f335e8241615bc64ca083dae7051dbcb47c5d0",
                            "vpc_classic_link_id": "",
                            "vpc_classic_link_security_groups.#": "0"
                        },
                        "meta": {},
                        "tainted": false
                    },
                    "deposed": [],
                    "provider": "provider.aws"
                },
                "aws_security_group.instance": {
                    "type": "aws_security_group",
                    "depends_on": [],
                    "primary": {
                        "id": "sg-04703be793e5fe24e",
                        "attributes": {
                            "arn": "arn:aws:ec2:us-east-1:160692692427:security-group/sg-04703be793e5fe24e",
                            "description": "Used in dev",
                            "egress.#": "0",
                            "id": "sg-04703be793e5fe24e",
                            "ingress.#": "0",
                            "name": "dev_dev_default",
                            "owner_id": "160692692427",
                            "revoke_rules_on_delete": "false",
                            "tags.%": "3",
                            "tags.Cluster": "dev",
                            "tags.Environment": "dev",
                            "tags.InstanceGroup": "default",
                            "vpc_id": "vpc-0c6dc132a410ef6f0"
                        },
                        "meta": {
                            "e2bfb730-ecaa-11e6-8f88-34363bc7c4c0": {
                                "create": 600000000000,
                                "delete": 600000000000
                            },
                            "schema_version": "1"
                        },
                        "tainted": false
                    },
                    "deposed": [],
                    "provider": "provider.aws"
                },
                "aws_security_group_rule.outbound_internet_access": {
                    "type": "aws_security_group_rule",
                    "depends_on": [
                        "aws_security_group.instance"
                    ],
                    "primary": {
                        "id": "sgrule-1416982436",
                        "attributes": {
                            "cidr_blocks.#": "1",
                            "cidr_blocks.0": "0.0.0.0/0",
                            "from_port": "0",
                            "id": "sgrule-1416982436",
                            "protocol": "-1",
                            "security_group_id": "sg-04703be793e5fe24e",
                            "self": "false",
                            "to_port": "0",
                            "type": "egress"
                        },
                        "meta": {
                            "schema_version": "2"
                        },
                        "tainted": false
                    },
                    "deposed": [],
                    "provider": "provider.aws"
                },
                "data.template_file.user_data": {
                    "type": "template_file",
                    "depends_on": [],
                    "primary": {
                        "id": "f4a251d812353207bcbe5027faa3264a4c36dc65ca10c1737c5d0a41a1eb4745",
                        "attributes": {
                            "id": "f4a251d812353207bcbe5027faa3264a4c36dc65ca10c1737c5d0a41a1eb4745",
                            "rendered": "#!/bin/bash\n\n# Timezone\nln -fs /usr/share/zoneinfo/America/New_York /etc/localtime\n\n#Using script from http://docs.aws.amazon.com/AmazonECS/latest/developerguide/using_cloudwatch_logs.html\n# Install awslogs and the jq JSON parser\nyum install -y awslogs jq aws-cli\n\n# ECS config\necho '' \u003e /etc/ecs/ecs.config\n{\n  echo \"ECS_CLUSTER=dev\"\n  echo 'ECS_AVAILABLE_LOGGING_DRIVERS=[\"json-file\",\"awslogs\"]'\n} \u003e\u003e /etc/ecs/ecs.config\n\n# Inject the CloudWatch Logs configuration file contents\ncat \u003e /etc/awslogs/awslogs.conf \u003c\u003c- EOF\n[general]\nstate_file = /var/lib/awslogs/agent-state\n\n[/var/log/dmesg]\nfile = /var/log/dmesg\nlog_group_name = dev/var/log/dmesg\nlog_stream_name = dev/{container_instance_id}\n\n[/var/log/messages]\nfile = /var/log/messages\nlog_group_name = dev/var/log/messages\nlog_stream_name = dev/{container_instance_id}\ndatetime_format = %b %d %H:%M:%S\n\n[/var/log/docker]\nfile = /var/log/docker\nlog_group_name = dev/var/log/docker\nlog_stream_name = dev/{container_instance_id}\ndatetime_format = %Y-%m-%dT%H:%M:%S.%f\n\n[/var/log/ecs/ecs-init.log]\nfile = /var/log/ecs/ecs-init.log.*\nlog_group_name = dev/var/log/ecs/ecs-init.log\nlog_stream_name = dev/{container_instance_id}\ndatetime_format = %Y-%m-%dT%H:%M:%SZ\n\n[/var/log/ecs/ecs-agent.log]\nfile = /var/log/ecs/ecs-agent.log.*\nlog_group_name = dev/var/log/ecs/ecs-agent.log\nlog_stream_name = dev/{container_instance_id}\ndatetime_format = %Y-%m-%dT%H:%M:%SZ\n\n[/var/log/ecs/audit.log]\nfile = /var/log/ecs/audit.log.*\nlog_group_name = dev/var/log/ecs/audit.log\nlog_stream_name = dev/{container_instance_id}\ndatetime_format = %Y-%m-%dT%H:%M:%SZ\n\nEOF\n\n# Set the region to send CloudWatch Logs data to (the region where the container instance is located)\nregion=$(curl 169.254.169.254/latest/meta-data/placement/availability-zone | sed s'/.$//')\nsed -i -e \"s/region = us-east-1/region = $region/g\" /etc/awslogs/awscli.conf\n\n# Set the ip address of the node\ncontainer_instance_id=$(curl 169.254.169.254/latest/meta-data/local-ipv4)\nsed -i -e \"s/{container_instance_id}/$container_instance_id/g\" /etc/awslogs/awslogs.conf\n\ncat \u003e /etc/init/awslogjob.conf \u003c\u003c- EOF\n#upstart-job\ndescription \"Configure and start CloudWatch Logs agent on Amazon ECS container instance\"\nauthor \"Amazon Web Services\"\nstart on started ecs\n\nscript\n\texec 2\u003e\u003e/var/log/ecs/cloudwatch-logs-start.log\n\tset -x\n\n\tuntil curl -s http://localhost:51678/v1/metadata\n\tdo\n\t\tsleep 1\n\tdone\n\n\tservice awslogs start\n\tchkconfig awslogs on\nend script\n\nEOF\n\nstart ecs\n\n#Get ECS instance info, althoug not used in this user_data it self this allows you to use\n#az(availability zone) and region\nuntil $(curl --output /dev/null --silent --head --fail http://localhost:51678/v1/metadata); do\n  printf '.'\n  sleep 5\ndone\ninstance_arn=$(curl -s http://localhost:51678/v1/metadata | jq -r '. | .ContainerInstanceArn' | awk -F/ '{print $NF}' )\naz=$(curl -s http://instance-data/latest/meta-data/placement/availability-zone)\nregion=${az:0:${#az} - 1}\n\n#Custom userdata script code\n\n\necho \"Done\"\n",
                            "template": "#!/bin/bash\n\n# Timezone\nln -fs /usr/share/zoneinfo/America/New_York /etc/localtime\n\n#Using script from http://docs.aws.amazon.com/AmazonECS/latest/developerguide/using_cloudwatch_logs.html\n# Install awslogs and the jq JSON parser\nyum install -y awslogs jq aws-cli\n\n# ECS config\n${ecs_config}\n{\n  echo \"ECS_CLUSTER=${cluster_name}\"\n  echo 'ECS_AVAILABLE_LOGGING_DRIVERS=${ecs_logging}'\n} \u003e\u003e /etc/ecs/ecs.config\n\n# Inject the CloudWatch Logs configuration file contents\ncat \u003e /etc/awslogs/awslogs.conf \u003c\u003c- EOF\n[general]\nstate_file = /var/lib/awslogs/agent-state\n\n[/var/log/dmesg]\nfile = /var/log/dmesg\nlog_group_name = ${cloudwatch_prefix}/var/log/dmesg\nlog_stream_name = ${cluster_name}/{container_instance_id}\n\n[/var/log/messages]\nfile = /var/log/messages\nlog_group_name = ${cloudwatch_prefix}/var/log/messages\nlog_stream_name = ${cluster_name}/{container_instance_id}\ndatetime_format = %b %d %H:%M:%S\n\n[/var/log/docker]\nfile = /var/log/docker\nlog_group_name = ${cloudwatch_prefix}/var/log/docker\nlog_stream_name = ${cluster_name}/{container_instance_id}\ndatetime_format = %Y-%m-%dT%H:%M:%S.%f\n\n[/var/log/ecs/ecs-init.log]\nfile = /var/log/ecs/ecs-init.log.*\nlog_group_name = ${cloudwatch_prefix}/var/log/ecs/ecs-init.log\nlog_stream_name = ${cluster_name}/{container_instance_id}\ndatetime_format = %Y-%m-%dT%H:%M:%SZ\n\n[/var/log/ecs/ecs-agent.log]\nfile = /var/log/ecs/ecs-agent.log.*\nlog_group_name = ${cloudwatch_prefix}/var/log/ecs/ecs-agent.log\nlog_stream_name = ${cluster_name}/{container_instance_id}\ndatetime_format = %Y-%m-%dT%H:%M:%SZ\n\n[/var/log/ecs/audit.log]\nfile = /var/log/ecs/audit.log.*\nlog_group_name = ${cloudwatch_prefix}/var/log/ecs/audit.log\nlog_stream_name = ${cluster_name}/{container_instance_id}\ndatetime_format = %Y-%m-%dT%H:%M:%SZ\n\nEOF\n\n# Set the region to send CloudWatch Logs data to (the region where the container instance is located)\nregion=$(curl 169.254.169.254/latest/meta-data/placement/availability-zone | sed s'/.$//')\nsed -i -e \"s/region = us-east-1/region = $region/g\" /etc/awslogs/awscli.conf\n\n# Set the ip address of the node\ncontainer_instance_id=$(curl 169.254.169.254/latest/meta-data/local-ipv4)\nsed -i -e \"s/{container_instance_id}/$container_instance_id/g\" /etc/awslogs/awslogs.conf\n\ncat \u003e /etc/init/awslogjob.conf \u003c\u003c- EOF\n#upstart-job\ndescription \"Configure and start CloudWatch Logs agent on Amazon ECS container instance\"\nauthor \"Amazon Web Services\"\nstart on started ecs\n\nscript\n\texec 2\u003e\u003e/var/log/ecs/cloudwatch-logs-start.log\n\tset -x\n\n\tuntil curl -s http://localhost:51678/v1/metadata\n\tdo\n\t\tsleep 1\n\tdone\n\n\tservice awslogs start\n\tchkconfig awslogs on\nend script\n\nEOF\n\nstart ecs\n\n#Get ECS instance info, althoug not used in this user_data it self this allows you to use\n#az(availability zone) and region\nuntil $(curl --output /dev/null --silent --head --fail http://localhost:51678/v1/metadata); do\n  printf '.'\n  sleep 5\ndone\ninstance_arn=$(curl -s http://localhost:51678/v1/metadata | jq -r '. | .ContainerInstanceArn' | awk -F/ '{print $NF}' )\naz=$(curl -s http://instance-data/latest/meta-data/placement/availability-zone)\nregion=$${az:0:$${#az} - 1}\n\n#Custom userdata script code\n${custom_userdata}\n\necho \"Done\"\n",
                            "vars.%": "6",
                            "vars.cloudwatch_prefix": "dev",
                            "vars.cluster_name": "dev",
                            "vars.custom_userdata": "",
                            "vars.ecs_config": "echo '' \u003e /etc/ecs/ecs.config",
                            "vars.ecs_logging": "[\"json-file\",\"awslogs\"]",
                            "vars.env_name": "dev"
                        },
                        "meta": {},
                        "tainted": false
                    },
                    "deposed": [],
                    "provider": "provider.template"
                }
            },
            "depends_on": []
        },
        {
            "path": [
                "root",
                "ecs",
                "network"
            ],
            "outputs": {
                "depends_id": {
                    "sensitive": false,
                    "type": "string",
                    "value": "5996052601595089476"
                },
                "private_subnet_ids": {
                    "sensitive": false,
                    "type": "list",
                    "value": [
                        "subnet-076d0b33289d0d0e3",
                        "subnet-03f5939a4d2f5f5b1"
                    ]
                },
                "public_subnet_ids": {
                    "sensitive": false,
                    "type": "list",
                    "value": [
                        "subnet-061e3ec096a0802cf",
                        "subnet-06f4b1c33aee1569f"
                    ]
                },
                "vpc_cidr": {
                    "sensitive": false,
                    "type": "string",
                    "value": "10.0.0.0/16"
                },
                "vpc_id": {
                    "sensitive": false,
                    "type": "string",
                    "value": "vpc-0c6dc132a410ef6f0"
                }
            },
            "resources": {
                "aws_route.private_nat_route.0": {
                    "type": "aws_route",
                    "depends_on": [
                        "module.nat",
                        "module.private_subnet"
                    ],
                    "primary": {
                        "id": "r-rtb-064ed1dacb5b024c91080289494",
                        "attributes": {
                            "destination_cidr_block": "0.0.0.0/0",
                            "destination_prefix_list_id": "",
                            "egress_only_gateway_id": "",
                            "gateway_id": "",
                            "id": "r-rtb-064ed1dacb5b024c91080289494",
                            "instance_id": "",
                            "instance_owner_id": "",
                            "nat_gateway_id": "nat-02f9205fb285ddb3c",
                            "network_interface_id": "",
                            "origin": "CreateRoute",
                            "route_table_id": "rtb-064ed1dacb5b024c9",
                            "state": "active",
                            "vpc_peering_connection_id": ""
                        },
                        "meta": {
                            "e2bfb730-ecaa-11e6-8f88-34363bc7c4c0": {
                                "create": 120000000000,
                                "delete": 300000000000
                            }
                        },
                        "tainted": false
                    },
                    "deposed": [],
                    "provider": "provider.aws"
                },
                "aws_route.private_nat_route.1": {
                    "type": "aws_route",
                    "depends_on": [
                        "module.nat",
                        "module.private_subnet"
                    ],
                    "primary": {
                        "id": "r-rtb-0104945a3bb11a1861080289494",
                        "attributes": {
                            "destination_cidr_block": "0.0.0.0/0",
                            "destination_prefix_list_id": "",
                            "egress_only_gateway_id": "",
                            "gateway_id": "",
                            "id": "r-rtb-0104945a3bb11a1861080289494",
                            "instance_id": "",
                            "instance_owner_id": "",
                            "nat_gateway_id": "nat-071b04c7b2d0d7833",
                            "network_interface_id": "",
                            "origin": "CreateRoute",
                            "route_table_id": "rtb-0104945a3bb11a186",
                            "state": "active",
                            "vpc_peering_connection_id": ""
                        },
                        "meta": {
                            "e2bfb730-ecaa-11e6-8f88-34363bc7c4c0": {
                                "create": 120000000000,
                                "delete": 300000000000
                            }
                        },
                        "tainted": false
                    },
                    "deposed": [],
                    "provider": "provider.aws"
                },
                "aws_route.public_igw_route.0": {
                    "type": "aws_route",
                    "depends_on": [
                        "module.public_subnet",
                        "module.vpc"
                    ],
                    "primary": {
                        "id": "r-rtb-0173b287a44246f111080289494",
                        "attributes": {
                            "destination_cidr_block": "0.0.0.0/0",
                            "destination_prefix_list_id": "",
                            "egress_only_gateway_id": "",
                            "gateway_id": "igw-0437bc8065e589f4a",
                            "id": "r-rtb-0173b287a44246f111080289494",
                            "instance_id": "",
                            "instance_owner_id": "",
                            "nat_gateway_id": "",
                            "network_interface_id": "",
                            "origin": "CreateRoute",
                            "route_table_id": "rtb-0173b287a44246f11",
                            "state": "active",
                            "vpc_peering_connection_id": ""
                        },
                        "meta": {
                            "e2bfb730-ecaa-11e6-8f88-34363bc7c4c0": {
                                "create": 120000000000,
                                "delete": 300000000000
                            }
                        },
                        "tainted": false
                    },
                    "deposed": [],
                    "provider": "provider.aws"
                },
                "aws_route.public_igw_route.1": {
                    "type": "aws_route",
                    "depends_on": [
                        "module.public_subnet",
                        "module.vpc"
                    ],
                    "primary": {
                        "id": "r-rtb-00357469e095a91a71080289494",
                        "attributes": {
                            "destination_cidr_block": "0.0.0.0/0",
                            "destination_prefix_list_id": "",
                            "egress_only_gateway_id": "",
                            "gateway_id": "igw-0437bc8065e589f4a",
                            "id": "r-rtb-00357469e095a91a71080289494",
                            "instance_id": "",
                            "instance_owner_id": "",
                            "nat_gateway_id": "",
                            "network_interface_id": "",
                            "origin": "CreateRoute",
                            "route_table_id": "rtb-00357469e095a91a7",
                            "state": "active",
                            "vpc_peering_connection_id": ""
                        },
                        "meta": {
                            "e2bfb730-ecaa-11e6-8f88-34363bc7c4c0": {
                                "create": 120000000000,
                                "delete": 300000000000
                            }
                        },
                        "tainted": false
                    },
                    "deposed": [],
                    "provider": "provider.aws"
                },
                "null_resource.dummy_dependency": {
                    "type": "null_resource",
                    "depends_on": [
                        "module.nat"
                    ],
                    "primary": {
                        "id": "5996052601595089476",
                        "attributes": {
                            "id": "5996052601595089476"
                        },
                        "meta": {},
                        "tainted": false
                    },
                    "deposed": [],
                    "provider": "provider.null"
                }
            },
            "depends_on": []
        },
        {
            "path": [
                "root",
                "ecs",
                "network",
                "nat"
            ],
            "outputs": {
                "ids": {
                    "sensitive": false,
                    "type": "list",
                    "value": [
                        "nat-02f9205fb285ddb3c",
                        "nat-071b04c7b2d0d7833"
                    ]
                }
            },
            "resources": {
                "aws_eip.nat.0": {
                    "type": "aws_eip",
                    "depends_on": [],
                    "primary": {
                        "id": "eipalloc-0a729c39058c7e30a",
                        "attributes": {
                            "association_id": "",
                            "domain": "vpc",
                            "id": "eipalloc-0a729c39058c7e30a",
                            "instance": "",
                            "network_interface": "",
                            "private_ip": "",
                            "public_ip": "34.192.87.254",
                            "tags.%": "0",
                            "vpc": "true"
                        },
                        "meta": {
                            "e2bfb730-ecaa-11e6-8f88-34363bc7c4c0": {
                                "delete": 180000000000,
                                "read": 900000000000,
                                "update": 300000000000
                            }
                        },
                        "tainted": false
                    },
                    "deposed": [],
                    "provider": "provider.aws"
                },
                "aws_eip.nat.1": {
                    "type": "aws_eip",
                    "depends_on": [],
                    "primary": {
                        "id": "eipalloc-0957c7069825f4fb4",
                        "attributes": {
                            "association_id": "",
                            "domain": "vpc",
                            "id": "eipalloc-0957c7069825f4fb4",
                            "instance": "",
                            "network_interface": "",
                            "private_ip": "",
                            "public_ip": "50.17.12.225",
                            "tags.%": "0",
                            "vpc": "true"
                        },
                        "meta": {
                            "e2bfb730-ecaa-11e6-8f88-34363bc7c4c0": {
                                "delete": 180000000000,
                                "read": 900000000000,
                                "update": 300000000000
                            }
                        },
                        "tainted": false
                    },
                    "deposed": [],
                    "provider": "provider.aws"
                },
                "aws_nat_gateway.nat.0": {
                    "type": "aws_nat_gateway",
                    "depends_on": [
                        "aws_eip.nat.*"
                    ],
                    "primary": {
                        "id": "nat-02f9205fb285ddb3c",
                        "attributes": {
                            "allocation_id": "eipalloc-0a729c39058c7e30a",
                            "id": "nat-02f9205fb285ddb3c",
                            "network_interface_id": "eni-02193c8d0b5c21a15",
                            "private_ip": "10.0.1.84",
                            "public_ip": "34.192.87.254",
                            "subnet_id": "subnet-061e3ec096a0802cf",
                            "tags.%": "0"
                        },
                        "meta": {},
                        "tainted": false
                    },
                    "deposed": [],
                    "provider": "provider.aws"
                },
                "aws_nat_gateway.nat.1": {
                    "type": "aws_nat_gateway",
                    "depends_on": [
                        "aws_eip.nat.*"
                    ],
                    "primary": {
                        "id": "nat-071b04c7b2d0d7833",
                        "attributes": {
                            "allocation_id": "eipalloc-0957c7069825f4fb4",
                            "id": "nat-071b04c7b2d0d7833",
                            "network_interface_id": "eni-05422f0daab44e22b",
                            "private_ip": "10.0.3.185",
                            "public_ip": "50.17.12.225",
                            "subnet_id": "subnet-06f4b1c33aee1569f",
                            "tags.%": "0"
                        },
                        "meta": {},
                        "tainted": false
                    },
                    "deposed": [],
                    "provider": "provider.aws"
                }
            },
            "depends_on": []
        },
        {
            "path": [
                "root",
                "ecs",
                "network",
                "private_subnet"
            ],
            "outputs": {
                "ids": {
                    "sensitive": false,
                    "type": "list",
                    "value": [
                        "subnet-076d0b33289d0d0e3",
                        "subnet-03f5939a4d2f5f5b1"
                    ]
                },
                "route_table_ids": {
                    "sensitive": false,
                    "type": "list",
                    "value": [
                        "rtb-064ed1dacb5b024c9",
                        "rtb-0104945a3bb11a186"
                    ]
                }
            },
            "resources": {
                "aws_route_table.subnet.0": {
                    "type": "aws_route_table",
                    "depends_on": [],
                    "primary": {
                        "id": "rtb-064ed1dacb5b024c9",
                        "attributes": {
                            "id": "rtb-064ed1dacb5b024c9",
                            "propagating_vgws.#": "0",
                            "route.#": "0",
                            "tags.%": "2",
                            "tags.Environment": "dev",
                            "tags.Name": "dev_private_subnet_us-east-1a",
                            "vpc_id": "vpc-0c6dc132a410ef6f0"
                        },
                        "meta": {},
                        "tainted": false
                    },
                    "deposed": [],
                    "provider": "provider.aws"
                },
                "aws_route_table.subnet.1": {
                    "type": "aws_route_table",
                    "depends_on": [],
                    "primary": {
                        "id": "rtb-0104945a3bb11a186",
                        "attributes": {
                            "id": "rtb-0104945a3bb11a186",
                            "propagating_vgws.#": "0",
                            "route.#": "0",
                            "tags.%": "2",
                            "tags.Environment": "dev",
                            "tags.Name": "dev_private_subnet_us-east-1b",
                            "vpc_id": "vpc-0c6dc132a410ef6f0"
                        },
                        "meta": {},
                        "tainted": false
                    },
                    "deposed": [],
                    "provider": "provider.aws"
                },
                "aws_route_table_association.subnet.0": {
                    "type": "aws_route_table_association",
                    "depends_on": [
                        "aws_route_table.subnet.*",
                        "aws_subnet.subnet.*"
                    ],
                    "primary": {
                        "id": "rtbassoc-0bb2df5a90c916c07",
                        "attributes": {
                            "id": "rtbassoc-0bb2df5a90c916c07",
                            "route_table_id": "rtb-064ed1dacb5b024c9",
                            "subnet_id": "subnet-076d0b33289d0d0e3"
                        },
                        "meta": {},
                        "tainted": false
                    },
                    "deposed": [],
                    "provider": "provider.aws"
                },
                "aws_route_table_association.subnet.1": {
                    "type": "aws_route_table_association",
                    "depends_on": [
                        "aws_route_table.subnet.*",
                        "aws_subnet.subnet.*"
                    ],
                    "primary": {
                        "id": "rtbassoc-0900d270a0b179882",
                        "attributes": {
                            "id": "rtbassoc-0900d270a0b179882",
                            "route_table_id": "rtb-0104945a3bb11a186",
                            "subnet_id": "subnet-03f5939a4d2f5f5b1"
                        },
                        "meta": {},
                        "tainted": false
                    },
                    "deposed": [],
                    "provider": "provider.aws"
                },
                "aws_subnet.subnet.0": {
                    "type": "aws_subnet",
                    "depends_on": [],
                    "primary": {
                        "id": "subnet-076d0b33289d0d0e3",
                        "attributes": {
                            "arn": "arn:aws:ec2:us-east-1:160692692427:subnet/subnet-076d0b33289d0d0e3",
                            "assign_ipv6_address_on_creation": "false",
                            "availability_zone": "us-east-1a",
                            "cidr_block": "10.0.50.0/24",
                            "id": "subnet-076d0b33289d0d0e3",
                            "map_public_ip_on_launch": "false",
                            "tags.%": "2",
                            "tags.Environment": "dev",
                            "tags.Name": "dev_private_subnet_us-east-1a",
                            "vpc_id": "vpc-0c6dc132a410ef6f0"
                        },
                        "meta": {
                            "e2bfb730-ecaa-11e6-8f88-34363bc7c4c0": {
                                "create": 600000000000,
                                "delete": 600000000000
                            },
                            "schema_version": "1"
                        },
                        "tainted": false
                    },
                    "deposed": [],
                    "provider": "provider.aws"
                },
                "aws_subnet.subnet.1": {
                    "type": "aws_subnet",
                    "depends_on": [],
                    "primary": {
                        "id": "subnet-03f5939a4d2f5f5b1",
                        "attributes": {
                            "arn": "arn:aws:ec2:us-east-1:160692692427:subnet/subnet-03f5939a4d2f5f5b1",
                            "assign_ipv6_address_on_creation": "false",
                            "availability_zone": "us-east-1b",
                            "cidr_block": "10.0.51.0/24",
                            "id": "subnet-03f5939a4d2f5f5b1",
                            "map_public_ip_on_launch": "false",
                            "tags.%": "2",
                            "tags.Environment": "dev",
                            "tags.Name": "dev_private_subnet_us-east-1b",
                            "vpc_id": "vpc-0c6dc132a410ef6f0"
                        },
                        "meta": {
                            "e2bfb730-ecaa-11e6-8f88-34363bc7c4c0": {
                                "create": 600000000000,
                                "delete": 600000000000
                            },
                            "schema_version": "1"
                        },
                        "tainted": false
                    },
                    "deposed": [],
                    "provider": "provider.aws"
                }
            },
            "depends_on": []
        },
        {
            "path": [
                "root",
                "ecs",
                "network",
                "public_subnet"
            ],
            "outputs": {
                "ids": {
                    "sensitive": false,
                    "type": "list",
                    "value": [
                        "subnet-061e3ec096a0802cf",
                        "subnet-06f4b1c33aee1569f"
                    ]
                },
                "route_table_ids": {
                    "sensitive": false,
                    "type": "list",
                    "value": [
                        "rtb-0173b287a44246f11",
                        "rtb-00357469e095a91a7"
                    ]
                }
            },
            "resources": {
                "aws_route_table.subnet.0": {
                    "type": "aws_route_table",
                    "depends_on": [],
                    "primary": {
                        "id": "rtb-0173b287a44246f11",
                        "attributes": {
                            "id": "rtb-0173b287a44246f11",
                            "propagating_vgws.#": "0",
                            "route.#": "0",
                            "tags.%": "2",
                            "tags.Environment": "dev",
                            "tags.Name": "dev_public_subnet_us-east-1a",
                            "vpc_id": "vpc-0c6dc132a410ef6f0"
                        },
                        "meta": {},
                        "tainted": false
                    },
                    "deposed": [],
                    "provider": "provider.aws"
                },
                "aws_route_table.subnet.1": {
                    "type": "aws_route_table",
                    "depends_on": [],
                    "primary": {
                        "id": "rtb-00357469e095a91a7",
                        "attributes": {
                            "id": "rtb-00357469e095a91a7",
                            "propagating_vgws.#": "0",
                            "route.#": "0",
                            "tags.%": "2",
                            "tags.Environment": "dev",
                            "tags.Name": "dev_public_subnet_us-east-1b",
                            "vpc_id": "vpc-0c6dc132a410ef6f0"
                        },
                        "meta": {},
                        "tainted": false
                    },
                    "deposed": [],
                    "provider": "provider.aws"
                },
                "aws_route_table_association.subnet.0": {
                    "type": "aws_route_table_association",
                    "depends_on": [
                        "aws_route_table.subnet.*",
                        "aws_subnet.subnet.*"
                    ],
                    "primary": {
                        "id": "rtbassoc-0e5fa08e555cc75db",
                        "attributes": {
                            "id": "rtbassoc-0e5fa08e555cc75db",
                            "route_table_id": "rtb-0173b287a44246f11",
                            "subnet_id": "subnet-061e3ec096a0802cf"
                        },
                        "meta": {},
                        "tainted": false
                    },
                    "deposed": [],
                    "provider": "provider.aws"
                },
                "aws_route_table_association.subnet.1": {
                    "type": "aws_route_table_association",
                    "depends_on": [
                        "aws_route_table.subnet.*",
                        "aws_subnet.subnet.*"
                    ],
                    "primary": {
                        "id": "rtbassoc-0fec5e42fa63bb00a",
                        "attributes": {
                            "id": "rtbassoc-0fec5e42fa63bb00a",
                            "route_table_id": "rtb-00357469e095a91a7",
                            "subnet_id": "subnet-06f4b1c33aee1569f"
                        },
                        "meta": {},
                        "tainted": false
                    },
                    "deposed": [],
                    "provider": "provider.aws"
                },
                "aws_subnet.subnet.0": {
                    "type": "aws_subnet",
                    "depends_on": [],
                    "primary": {
                        "id": "subnet-061e3ec096a0802cf",
                        "attributes": {
                            "arn": "arn:aws:ec2:us-east-1:160692692427:subnet/subnet-061e3ec096a0802cf",
                            "assign_ipv6_address_on_creation": "false",
                            "availability_zone": "us-east-1a",
                            "cidr_block": "10.0.1.0/24",
                            "id": "subnet-061e3ec096a0802cf",
                            "map_public_ip_on_launch": "false",
                            "tags.%": "2",
                            "tags.Environment": "dev",
                            "tags.Name": "dev_public_subnet_us-east-1a",
                            "vpc_id": "vpc-0c6dc132a410ef6f0"
                        },
                        "meta": {
                            "e2bfb730-ecaa-11e6-8f88-34363bc7c4c0": {
                                "create": 600000000000,
                                "delete": 600000000000
                            },
                            "schema_version": "1"
                        },
                        "tainted": false
                    },
                    "deposed": [],
                    "provider": "provider.aws"
                },
                "aws_subnet.subnet.1": {
                    "type": "aws_subnet",
                    "depends_on": [],
                    "primary": {
                        "id": "subnet-06f4b1c33aee1569f",
                        "attributes": {
                            "arn": "arn:aws:ec2:us-east-1:160692692427:subnet/subnet-06f4b1c33aee1569f",
                            "assign_ipv6_address_on_creation": "false",
                            "availability_zone": "us-east-1b",
                            "cidr_block": "10.0.3.0/24",
                            "id": "subnet-06f4b1c33aee1569f",
                            "map_public_ip_on_launch": "false",
                            "tags.%": "2",
                            "tags.Environment": "dev",
                            "tags.Name": "dev_public_subnet_us-east-1b",
                            "vpc_id": "vpc-0c6dc132a410ef6f0"
                        },
                        "meta": {
                            "e2bfb730-ecaa-11e6-8f88-34363bc7c4c0": {
                                "create": 600000000000,
                                "delete": 600000000000
                            },
                            "schema_version": "1"
                        },
                        "tainted": false
                    },
                    "deposed": [],
                    "provider": "provider.aws"
                }
            },
            "depends_on": []
        },
        {
            "path": [
                "root",
                "ecs",
                "network",
                "vpc"
            ],
            "outputs": {
                "cidr_block": {
                    "sensitive": false,
                    "type": "string",
                    "value": "10.0.0.0/16"
                },
                "id": {
                    "sensitive": false,
                    "type": "string",
                    "value": "vpc-0c6dc132a410ef6f0"
                },
                "igw": {
                    "sensitive": false,
                    "type": "string",
                    "value": "igw-0437bc8065e589f4a"
                }
            },
            "resources": {
                "aws_internet_gateway.vpc": {
                    "type": "aws_internet_gateway",
                    "depends_on": [
                        "aws_vpc.vpc"
                    ],
                    "primary": {
                        "id": "igw-0437bc8065e589f4a",
                        "attributes": {
                            "id": "igw-0437bc8065e589f4a",
                            "tags.%": "1",
                            "tags.Environment": "dev",
                            "vpc_id": "vpc-0c6dc132a410ef6f0"
                        },
                        "meta": {},
                        "tainted": false
                    },
                    "deposed": [],
                    "provider": "provider.aws"
                },
                "aws_vpc.vpc": {
                    "type": "aws_vpc",
                    "depends_on": [],
                    "primary": {
                        "id": "vpc-0c6dc132a410ef6f0",
                        "attributes": {
                            "arn": "arn:aws:ec2:us-east-1:160692692427:vpc/vpc-0c6dc132a410ef6f0",
                            "assign_generated_ipv6_cidr_block": "false",
                            "cidr_block": "10.0.0.0/16",
                            "default_network_acl_id": "acl-0528b6e4cb52adc42",
                            "default_route_table_id": "rtb-0a22269e7e6717f29",
                            "default_security_group_id": "sg-0a6e19ca9d5458624",
                            "dhcp_options_id": "dopt-3ec1415a",
                            "enable_classiclink": "false",
                            "enable_classiclink_dns_support": "false",
                            "enable_dns_hostnames": "true",
                            "enable_dns_support": "true",
                            "id": "vpc-0c6dc132a410ef6f0",
                            "instance_tenancy": "default",
                            "main_route_table_id": "rtb-0a22269e7e6717f29",
                            "tags.%": "2",
                            "tags.Environment": "dev",
                            "tags.Name": "dev"
                        },
                        "meta": {
                            "schema_version": "1"
                        },
                        "tainted": false
                    },
                    "deposed": [],
                    "provider": "provider.aws"
                }
            },
            "depends_on": []
        }
    ]
}
